
Microsoft Visual Studio Solution File, Format Version 12.00
# Visual Studio Version 16
VisualStudioVersion = 16.0.33328.57
MinimumVisualStudioVersion = 10.0.40219.1
Project("{FAE04EC0-301F-11D3-BF4B-00C04F79EFBC}") = "lab2", "lab2.csproj", "{36D8BF62-9FAD-4757-9707-9116098ECBEE}"
EndProject
Global
	GlobalSection(SolutionConfigurationPlatforms) = preSolution
		Debug|Any CPU = Debug|Any CPU
		Release|Any CPU = Release|Any CPU
	EndGlobalSection
	GlobalSection(ProjectConfigurationPlatforms) = postSolution
		{36D8BF62-9FAD-4757-9707-9116098ECBEE}.Debug|Any CPU.ActiveCfg = Debug|Any CPU
		{36D8BF62-9FAD-4757-9707-9116098ECBEE}.Debug|Any CPU.Build.0 = Debug|Any CPU
		{36D8BF62-9FAD-4757-9707-9116098ECBEE}.Release|Any CPU.ActiveCfg = Release|Any CPU
		{36D8BF62-9FAD-4757-9707-9116098ECBEE}.Release|Any CPU.Build.0 = Release|Any CPU
	EndGlobalSection
	GlobalSection(SolutionProperties) = preSolution
		HideSolutionNode = FALSE
	EndGlobalSection
	GlobalSection(ExtensibilityGlobals) = postSolution
		SolutionGuid = {A701ACAE-64C1-409A-AACB-2DB4F599B762}
	EndGlobalSection
EndGlobal
